
Microsoft Visual Studio Solution File, Format Version 12.00
# Visual Studio Version 16
VisualStudioVersion = 16.0.31624.102
MinimumVisualStudioVersion = 10.0.40219.1
Project("{FAE04EC0-301F-11D3-BF4B-00C04F79EFBC}") = "ObligatoriskOpgave1", "ObligatoriskOpgave1\ObligatoriskOpgave1.csproj", "{AE1E03BA-1129-4EAF-A306-EC55423F26E4}"
EndProject
Project("{FAE04EC0-301F-11D3-BF4B-00C04F79EFBC}") = "ObligatoriskOpgave1Tests", "ObligatoriskOpgave1Tests\ObligatoriskOpgave1Tests.csproj", "{275C9C4B-36F5-4803-8E86-277862B5357D}"
EndProject
Global
	GlobalSection(SolutionConfigurationPlatforms) = preSolution
		Debug|Any CPU = Debug|Any CPU
		Release|Any CPU = Release|Any CPU
	EndGlobalSection
	GlobalSection(ProjectConfigurationPlatforms) = postSolution
		{AE1E03BA-1129-4EAF-A306-EC55423F26E4}.Debug|Any CPU.ActiveCfg = Debug|Any CPU
		{AE1E03BA-1129-4EAF-A306-EC55423F26E4}.Debug|Any CPU.Build.0 = Debug|Any CPU
		{AE1E03BA-1129-4EAF-A306-EC55423F26E4}.Release|Any CPU.ActiveCfg = Release|Any CPU
		{AE1E03BA-1129-4EAF-A306-EC55423F26E4}.Release|Any CPU.Build.0 = Release|Any CPU
		{275C9C4B-36F5-4803-8E86-277862B5357D}.Debug|Any CPU.ActiveCfg = Debug|Any CPU
		{275C9C4B-36F5-4803-8E86-277862B5357D}.Debug|Any CPU.Build.0 = Debug|Any CPU
		{275C9C4B-36F5-4803-8E86-277862B5357D}.Release|Any CPU.ActiveCfg = Release|Any CPU
		{275C9C4B-36F5-4803-8E86-277862B5357D}.Release|Any CPU.Build.0 = Release|Any CPU
	EndGlobalSection
	GlobalSection(SolutionProperties) = preSolution
		HideSolutionNode = FALSE
	EndGlobalSection
	GlobalSection(ExtensibilityGlobals) = postSolution
		SolutionGuid = {53D9B99B-B8EB-4EEA-B822-D0C11EE78631}
	EndGlobalSection
EndGlobal
